
Microsoft Visual Studio Solution File, Format Version 12.00
# Visual Studio Version 17
VisualStudioVersion = 17.8.34322.80
MinimumVisualStudioVersion = 10.0.40219.1
Project("{9A19103F-16F7-4668-BE54-9A1E7A4F7556}") = "NZWalks.API", "NZWalks.API\NZWalks.API.csproj", "{7E302D74-A4C2-4EA1-880C-A927AA578338}"
EndProject
Global
	GlobalSection(SolutionConfigurationPlatforms) = preSolution
		Debug|Any CPU = Debug|Any CPU
		Release|Any CPU = Release|Any CPU
	EndGlobalSection
	GlobalSection(ProjectConfigurationPlatforms) = postSolution
		{7E302D74-A4C2-4EA1-880C-A927AA578338}.Debug|Any CPU.ActiveCfg = Debug|Any CPU
		{7E302D74-A4C2-4EA1-880C-A927AA578338}.Debug|Any CPU.Build.0 = Debug|Any CPU
		{7E302D74-A4C2-4EA1-880C-A927AA578338}.Release|Any CPU.ActiveCfg = Release|Any CPU
		{7E302D74-A4C2-4EA1-880C-A927AA578338}.Release|Any CPU.Build.0 = Release|Any CPU
	EndGlobalSection
	GlobalSection(SolutionProperties) = preSolution
		HideSolutionNode = FALSE
	EndGlobalSection
	GlobalSection(ExtensibilityGlobals) = postSolution
		SolutionGuid = {D1A9DA7E-35CC-44B9-B93D-D81A8E2CCB23}
	EndGlobalSection
EndGlobal
